// !$*UTF8*$!
{
	archiveVersion = 1;
	classes = {
	};
	objectVersion = 46;
	objects = {

/* Begin PBXBuildFile section */
		57C1097E1D4BA7BF009AE2D8 /* AppDelegate.swift in Sources */ = {isa = PBXBuildFile; fileRef = 57C1097D1D4BA7BF009AE2D8 /* AppDelegate.swift */; };
		57C109801D4BA7BF009AE2D8 /* ViewController.swift in Sources */ = {isa = PBXBuildFile; fileRef = 57C1097F1D4BA7BF009AE2D8 /* ViewController.swift */; };
		57C109831D4BA7BF009AE2D8 /* Main.storyboard in Resources */ = {isa = PBXBuildFile; fileRef = 57C109811D4BA7BF009AE2D8 /* Main.storyboard */; };
		57C109851D4BA7BF009AE2D8 /* Assets.xcassets in Resources */ = {isa = PBXBuildFile; fileRef = 57C109841D4BA7BF009AE2D8 /* Assets.xcassets */; };
		57C109881D4BA7BF009AE2D8 /* LaunchScreen.storyboard in Resources */ = {isa = PBXBuildFile; fileRef = 57C109861D4BA7BF009AE2D8 /* LaunchScreen.storyboard */; };
		57C109921D4BE823009AE2D8 /* Villain.swift in Sources */ = {isa = PBXBuildFile; fileRef = 57C109911D4BE823009AE2D8 /* Villain.swift */; };
/* End PBXBuildFile section */

/* Begin PBXFileReference section */
		57C1097A1D4BA7BF009AE2D8 /* Last Encounter.app */ = {isa = PBXFileReference; explicitFileType = wrapper.application; includeInIndex = 0; path = "Last Encounter.app"; sourceTree = BUILT_PRODUCTS_DIR; };
		57C1097D1D4BA7BF009AE2D8 /* AppDelegate.swift */ = {isa = PBXFileReference; lastKnownFileType = sourcecode.swift; path = AppDelegate.swift; sourceTree = "<group>"; };
		57C1097F1D4BA7BF009AE2D8 /* ViewController.swift */ = {isa = PBXFileReference; lastKnownFileType = sourcecode.swift; path = ViewController.swift; sourceTree = "<group>"; };
		57C109821D4BA7BF009AE2D8 /* Base */ = {isa = PBXFileReference; lastKnownFileType = file.storyboard; name = Base; path = Base.lproj/Main.storyboard; sourceTree = "<group>"; };
		57C109841D4BA7BF009AE2D8 /* Assets.xcassets */ = {isa = PBXFileReference; lastKnownFileType = folder.assetcatalog; path = Assets.xcassets; sourceTree = "<group>"; };
		57C109871D4BA7BF009AE2D8 /* Base */ = {isa = PBXFileReference; lastKnownFileType = file.storyboard; name = Base; path = Base.lproj/LaunchScreen.storyboard; sourceTree = "<group>"; };
		57C109891D4BA7BF009AE2D8 /* Info.plist */ = {isa = PBXFileReference; lastKnownFileType = text.plist.xml; path = Info.plist; sourceTree = "<group>"; };
		57C109911D4BE823009AE2D8 /* Villain.swift */ = {isa = PBXFileReference; fileEncoding = 4; lastKnownFileType = sourcecode.swift; name = Villain.swift; path = "../../../../Downloads/LastEncounter-master/Last Encounter/Villain.swift"; sourceTree = "<group>"; };
/* End PBXFileReference section */

/* Begin PBXFrameworksBuildPhase section */
		57C109771D4BA7BF009AE2D8 /* Frameworks */ = {
			isa = PBXFrameworksBuildPhase;
			buildActionMask = 2147483647;
			files = (
			);
			runOnlyForDeploymentPostprocessing = 0;
		};
/* End PBXFrameworksBuildPhase section */

/* Begin PBXGroup section */
		57C109711D4BA7BF009AE2D8 = {
			isa = PBXGroup;
			children = (
				57C1097C1D4BA7BF009AE2D8 /* Last Encounter */,
				57C1097B1D4BA7BF009AE2D8 /* Products */,
			);
			sourceTree = "<group>";
		};
		57C1097B1D4BA7BF009AE2D8 /* Products */ = {
			isa = PBXGroup;
			children = (
				57C1097A1D4BA7BF009AE2D8 /* Last Encounter.app */,
			);
			name = Products;
			sourceTree = "<group>";
		};
		57C1097C1D4BA7BF009AE2D8 /* Last Encounter */ = {
			isa = PBXGroup;
			children = (
				57C1097D1D4BA7BF009AE2D8 /* AppDelegate.swift */,
				57C1097F1D4BA7BF009AE2D8 /* ViewController.swift */,
				57C109811D4BA7BF009AE2D8 /* Main.storyboard */,
				57C109841D4BA7BF009AE2D8 /* Assets.xcassets */,
				57C109861D4BA7BF009AE2D8 /* LaunchScreen.storyboard */,
				57C109911D4BE823009AE2D8 /* Villain.swift */,
				57C109891D4BA7BF009AE2D8 /* Info.plist */,
			);
			path = "Last Encounter";
			sourceTree = "<group>";
		};
/* End PBXGroup section */

/* Begin PBXNativeTarget section */
		57C109791D4BA7BF009AE2D8 /* Last Encounter */ = {
			isa = PBXNativeTarget;
			buildConfigurationList = 57C1098C1D4BA7BF009AE2D8 /* Build configuration list for PBXNativeTarget "Last Encounter" */;
			buildPhases = (
				57C109761D4BA7BF009AE2D8 /* Sources */,
				57C109771D4BA7BF009AE2D8 /* Frameworks */,
				57C109781D4BA7BF009AE2D8 /* Resources */,
			);
			buildRules = (
			);
			dependencies = (
			);
			name = "Last Encounter";
			productName = "Last Encounter";
			productReference = 57C1097A1D4BA7BF009AE2D8 /* Last Encounter.app */;
			productType = "com.apple.product-type.application";
		};
/* End PBXNativeTarget section */

/* Begin PBXProject section */
		57C109721D4BA7BF009AE2D8 /* Project object */ = {
			isa = PBXProject;
			attributes = {
				LastSwiftUpdateCheck = 0730;
				LastUpgradeCheck = 0730;
				ORGANIZATIONNAME = "Chris Stout";
				TargetAttributes = {
					57C109791D4BA7BF009AE2D8 = {
						CreatedOnToolsVersion = 7.3.1;
					};
				};
			};
			buildConfigurationList = 57C109751D4BA7BF009AE2D8 /* Build configuration list for PBXProject "Last Encounter" */;
			compatibilityVersion = "Xcode 3.2";
			developmentRegion = English;
			hasScannedForEncodings = 0;
			knownRegions = (
				en,
				Base,
			);
			mainGroup = 57C109711D4BA7BF009AE2D8;
			productRefGroup = 57C1097B1D4BA7BF009AE2D8 /* Products */;
			projectDirPath = "";
			projectRoot = "";
			targets = (
				57C109791D4BA7BF009AE2D8 /* Last Encounter */,
			);
		};
/* End PBXProject section */

/* Begin PBXResourcesBuildPhase section */
		57C109781D4BA7BF009AE2D8 /* Resources */ = {
			isa = PBXResourcesBuildPhase;
			buildActionMask = 2147483647;
			files = (
				57C109881D4BA7BF009AE2D8 /* LaunchScreen.storyboard in Resources */,
				57C109851D4BA7BF009AE2D8 /* Assets.xcassets in Resources */,
				57C109831D4BA7BF009AE2D8 /* Main.storyboard in Resources */,
			);
			runOnlyForDeploymentPostprocessing = 0;
		};
/* End PBXResourcesBuildPhase section */

/* Begin PBXSourcesBuildPhase section */
		57C109761D4BA7BF009AE2D8 /* Sources */ = {
			isa = PBXSourcesBuildPhase;
			buildActionMask = 2147483647;
			files = (
				57C109921D4BE823009AE2D8 /* Villain.swift in Sources */,
				57C109801D4BA7BF009AE2D8 /* ViewController.swift in Sources */,
				57C1097E1D4BA7BF009AE2D8 /* AppDelegate.swift in Sources */,
			);
			runOnlyForDeploymentPostprocessing = 0;
		};
/* End PBXSourcesBuildPhase section */

/* Begin PBXVariantGroup section */
		57C109811D4BA7BF009AE2D8 /* Main.storyboard */ = {
			isa = PBXVariantGroup;
			children = (
				57C109821D4BA7BF009AE2D8 /* Base */,
			);
			name = Main.storyboard;
			sourceTree = "<group>";
		};
		57C109861D4BA7BF009AE2D8 /* LaunchScreen.storyboard */ = {
			isa = PBXVariantGroup;
			children = (
				57C109871D4BA7BF009AE2D8 /* Base */,
			);
			name = LaunchScreen.storyboard;
			sourceTree = "<group>";
		};
/* End PBXVariantGroup section */

/* Begin XCBuildConfiguration section */
		57C1098A1D4BA7BF009AE2D8 /* Debug */ = {
			isa = XCBuildConfiguration;
			buildSettings = {
				ALWAYS_SEARCH_USER_PATHS = NO;
				CLANG_ANALYZER_NONNULL = YES;
				CLANG_CXX_LANGUAGE_STANDARD = "gnu++0x";
				CLANG_CXX_LIBRARY = "libc++";
				CLANG_ENABLE_MODULES = YES;
				CLANG_ENABLE_OBJC_ARC = YES;
				CLANG_WARN_BOOL_CONVERSION = YES;
				CLANG_WARN_CONSTANT_CONVERSION = YES;
				CLANG_WARN_DIRECT_OBJC_ISA_USAGE = YES_ERROR;
				CLANG_WARN_EMPTY_BODY = YES;
				CLANG_WARN_ENUM_CONVERSION = YES;
				CLANG_WARN_INT_CONVERSION = YES;
				CLANG_WARN_OBJC_ROOT_CLASS = YES_ERROR;
				CLANG_WARN_UNREACHABLE_CODE = YES;
				CLANG_WARN__DUPLICATE_METHOD_MATCH = YES;
				"CODE_SIGN_IDENTITY[sdk=iphoneos*]" = "iPhone Developer";
				COPY_PHASE_STRIP = NO;
				DEBUG_INFORMATION_FORMAT = dwarf;
				ENABLE_STRICT_OBJC_MSGSEND = YES;
				ENABLE_TESTABILITY = YES;
				GCC_C_LANGUAGE_STANDARD = gnu99;
				GCC_DYNAMIC_NO_PIC = NO;
				GCC_NO_COMMON_BLOCKS = YES;
				GCC_OPTIMIZATION_LEVEL = 0;
				GCC_PREPROCESSOR_DEFINITIONS = (
					"DEBUG=1",
					"$(inherited)",
				);
				GCC_WARN_64_TO_32_BIT_CONVERSION = YES;
				GCC_WARN_ABOUT_RETURN_TYPE = YES_ERROR;
				GCC_WARN_UNDECLARED_SELECTOR = YES;
				GCC_WARN_UNINITIALIZED_AUTOS = YES_AGGRESSIVE;
				GCC_WARN_UNUSED_FUNCTION = YES;
				GCC_WARN_UNUSED_VARIABLE = YES;
				IPHONEOS_DEPLOYMENT_TARGET = 9.3;
				MTL_ENABLE_DEBUG_INFO = YES;
				ONLY_ACTIVE_ARCH = YES;
				SDKROOT = iphoneos;
				SWIFT_OPTIMIZATION_LEVEL = "-Onone";
			};
			name = Debug;
		};
		57C1098B1D4BA7BF009AE2D8 /* Release */ = {
			isa = XCBuildConfiguration;
			buildSettings = {
				ALWAYS_SEARCH_USER_PATHS = NO;
				CLANG_ANALYZER_NONNULL = YES;
				CLANG_CXX_LANGUAGE_STANDARD = "gnu++0x";
				CLANG_CXX_LIBRARY = "libc++";
				CLANG_ENABLE_MODULES = YES;
				CLANG_ENABLE_OBJC_ARC = YES;
				CLANG_WARN_BOOL_CONVERSION = YES;
				CLANG_WARN_CONSTANT_CONVERSION = YES;
				CLANG_WARN_DIRECT_OBJC_ISA_USAGE = YES_ERROR;
				CLANG_WARN_EMPTY_BODY = YES;
				CLANG_WARN_ENUM_CONVERSION = YES;
				CLANG_WARN_INT_CONVERSION = YES;
				CLANG_WARN_OBJC_ROOT_CLASS = YES_ERROR;
				CLANG_WARN_UNREACHABLE_CODE = YES;
				CLANG_WARN__DUPLICATE_METHOD_MATCH = YES;
				"CODE_SIGN_IDENTITY[sdk=iphoneos*]" = "iPhone Developer";
				COPY_PHASE_STRIP = NO;
				DEBUG_INFORMATION_FORMAT = "dwarf-with-dsym";
				ENABLE_NS_ASSERTIONS = NO;
				ENABLE_STRICT_OBJC_MSGSEND = YES;
				GCC_C_LANGUAGE_STANDARD = gnu99;
				GCC_NO_COMMON_BLOCKS = YES;
				GCC_WARN_64_TO_32_BIT_CONVERSION = YES;
				GCC_WARN_ABOUT_RETURN_TYPE = YES_ERROR;
				GCC_WARN_UNDECLARED_SELECTOR = YES;
				GCC_WARN_UNINITIALIZED_AUTOS = YES_AGGRESSIVE;
				GCC_WARN_UNUSED_FUNCTION = YES;
				GCC_WARN_UNUSED_VARIABLE = YES;
				IPHONEOS_DEPLOYMENT_TARGET = 9.3;
				MTL_ENABLE_DEBUG_INFO = NO;
				SDKROOT = iphoneos;
				VALIDATE_PRODUCT = YES;
			};
			name = Release;
		};
		57C1098D1D4BA7BF009AE2D8 /* Debug */ = {
			isa = XCBuildConfiguration;
			buildSettings = {
				ASSETCATALOG_COMPILER_APPICON_NAME = AppIcon;
				INFOPLIST_FILE = "Last Encounter/Info.plist";
				LD_RUNPATH_SEARCH_PATHS = "$(inherited) @executable_path/Frameworks";
				PRODUCT_BUNDLE_IDENTIFIER = "com.Chris.Last-Encounter";
				PRODUCT_NAME = "$(TARGET_NAME)";
			};
			name = Debug;
		};
		57C1098E1D4BA7BF009AE2D8 /* Release */ = {
			isa = XCBuildConfiguration;
			buildSettings = {
				ASSETCATALOG_COMPILER_APPICON_NAME = AppIcon;
				INFOPLIST_FILE = "Last Encounter/Info.plist";
				LD_RUNPATH_SEARCH_PATHS = "$(inherited) @executable_path/Frameworks";
				PRODUCT_BUNDLE_IDENTIFIER = "com.Chris.Last-Encounter";
				PRODUCT_NAME = "$(TARGET_NAME)";
			};
			name = Release;
		};
/* End XCBuildConfiguration section */

/* Begin XCConfigurationList section */
		57C109751D4BA7BF009AE2D8 /* Build configuration list for PBXProject "Last Encounter" */ = {
			isa = XCConfigurationList;
			buildConfigurations = (
				57C1098A1D4BA7BF009AE2D8 /* Debug */,
				57C1098B1D4BA7BF009AE2D8 /* Release */,
			);
			defaultConfigurationIsVisible = 0;
			defaultConfigurationName = Release;
		};
		57C1098C1D4BA7BF009AE2D8 /* Build configuration list for PBXNativeTarget "Last Encounter" */ = {
			isa = XCConfigurationList;
			buildConfigurations = (
				57C1098D1D4BA7BF009AE2D8 /* Debug */,
				57C1098E1D4BA7BF009AE2D8 /* Release */,
			);
			defaultConfigurationIsVisible = 0;
			defaultConfigurationName = Release;
		};
/* End XCConfigurationList section */
	};
	rootObject = 57C109721D4BA7BF009AE2D8 /* Project object */;
}
